
Microsoft Visual Studio Solution File, Format Version 12.00
# Visual Studio Version 16
VisualStudioVersion = 16.0.29519.87
MinimumVisualStudioVersion = 10.0.40219.1
Project("{FAE04EC0-301F-11D3-BF4B-00C04F79EFBC}") = "Circustrein Opdracht", "Circustrein Opdracht\Circustrein Opdracht.csproj", "{6016C76F-64FF-4FA7-9DC0-94E29A1580B0}"
EndProject
Global
	GlobalSection(SolutionConfigurationPlatforms) = preSolution
		Debug|Any CPU = Debug|Any CPU
		Release|Any CPU = Release|Any CPU
	EndGlobalSection
	GlobalSection(ProjectConfigurationPlatforms) = postSolution
		{6016C76F-64FF-4FA7-9DC0-94E29A1580B0}.Debug|Any CPU.ActiveCfg = Debug|Any CPU
		{6016C76F-64FF-4FA7-9DC0-94E29A1580B0}.Debug|Any CPU.Build.0 = Debug|Any CPU
		{6016C76F-64FF-4FA7-9DC0-94E29A1580B0}.Release|Any CPU.ActiveCfg = Release|Any CPU
		{6016C76F-64FF-4FA7-9DC0-94E29A1580B0}.Release|Any CPU.Build.0 = Release|Any CPU
	EndGlobalSection
	GlobalSection(SolutionProperties) = preSolution
		HideSolutionNode = FALSE
	EndGlobalSection
	GlobalSection(ExtensibilityGlobals) = postSolution
		SolutionGuid = {8A3EDF98-9A91-4875-9378-26B0AB14E86D}
	EndGlobalSection
EndGlobal
